
Microsoft Visual Studio Solution File, Format Version 12.00
# Visual Studio 2012
Project("{FAE04EC0-301F-11D3-BF4B-00C04F79EFBC}") = "catalog_diskov", "catalog_diskov\catalog_diskov.csproj", "{13E20296-D952-41FF-A897-89EFCA290AEF}"
EndProject
Global
	GlobalSection(SolutionConfigurationPlatforms) = preSolution
		Debug|Any CPU = Debug|Any CPU
		Release|Any CPU = Release|Any CPU
	EndGlobalSection
	GlobalSection(ProjectConfigurationPlatforms) = postSolution
		{13E20296-D952-41FF-A897-89EFCA290AEF}.Debug|Any CPU.ActiveCfg = Debug|Any CPU
		{13E20296-D952-41FF-A897-89EFCA290AEF}.Debug|Any CPU.Build.0 = Debug|Any CPU
		{13E20296-D952-41FF-A897-89EFCA290AEF}.Release|Any CPU.ActiveCfg = Release|Any CPU
		{13E20296-D952-41FF-A897-89EFCA290AEF}.Release|Any CPU.Build.0 = Release|Any CPU
	EndGlobalSection
	GlobalSection(SolutionProperties) = preSolution
		HideSolutionNode = FALSE
	EndGlobalSection
EndGlobal
